
Microsoft Visual Studio Solution File, Format Version 12.00
# Visual Studio 2012
Project("{FAE04EC0-301F-11D3-BF4B-00C04F79EFBC}") = "CodingExam", "CodingExam.csproj", "{EF989068-76C7-4306-8744-57804B14305A}"
EndProject
Global
	GlobalSection(SolutionConfigurationPlatforms) = preSolution
		Debug|x86 = Debug|x86
		Release|x86 = Release|x86
	EndGlobalSection
	GlobalSection(ProjectConfigurationPlatforms) = postSolution
		{EF989068-76C7-4306-8744-57804B14305A}.Debug|x86.ActiveCfg = Debug|x86
		{EF989068-76C7-4306-8744-57804B14305A}.Debug|x86.Build.0 = Debug|x86
		{EF989068-76C7-4306-8744-57804B14305A}.Release|x86.ActiveCfg = Release|x86
		{EF989068-76C7-4306-8744-57804B14305A}.Release|x86.Build.0 = Release|x86
	EndGlobalSection
EndGlobal
